{
  "version": "3",
  "redirects": {
    "https://deno.land/x/mysql/mod.ts": "https://deno.land/x/mysql@v2.12.1/mod.ts"
  },
  "remote": {
    "https://deno.land/std@0.104.0/_util/assert.ts": "2f868145a042a11d5ad0a3c748dcf580add8a0dbc0e876eaa0026303a5488f58",
    "https://deno.land/std@0.104.0/async/deadline.ts": "1d6ac7aeaee22f75eb86e4e105d6161118aad7b41ae2dd14f4cfd3bf97472b93",
    "https://deno.land/std@0.104.0/async/debounce.ts": "b2f693e4baa16b62793fd618de6c003b63228db50ecfe3bd51fc5f6dc0bc264b",
    "https://deno.land/std@0.104.0/async/deferred.ts": "ce81070ad3ba3294f3f34c032af884ccde1a20922b648f6eaee54bd8fd951a1e",
    "https://deno.land/std@0.104.0/async/delay.ts": "9de1d8d07d1927767ab7f82434b883f3d8294fb19cad819691a2ad81a728cf3d",
    "https://deno.land/std@0.104.0/async/mod.ts": "78425176fabea7bd1046ce3819fd69ce40da85c83e0f174d17e8e224a91f7d10",
    "https://deno.land/std@0.104.0/async/mux_async_iterator.ts": "62abff3af9ff619e8f2adc96fc70d4ca020fa48a50c23c13f12d02ed2b760dbe",
    "https://deno.land/std@0.104.0/async/pool.ts": "353ce4f91865da203a097aa6f33de8966340c91b6f4a055611c8c5d534afd12f",
    "https://deno.land/std@0.104.0/async/tee.ts": "6b8f1322b6dd2396202cfbe9cde9cab158d1e962cfd9197b0a97c6657bee79ce",
    "https://deno.land/std@0.104.0/bytes/bytes_list.ts": "a13287edb03f19d27ba4927dec6d6de3e5bd46254cd4aee6f7e5815810122673",
    "https://deno.land/std@0.104.0/bytes/mod.ts": "1ae1ccfe98c4b979f12b015982c7444f81fcb921bea7aa215bf37d84f46e1e13",
    "https://deno.land/std@0.104.0/encoding/base64.ts": "eecae390f1f1d1cae6f6c6d732ede5276bf4b9cd29b1d281678c054dc5cc009e",
    "https://deno.land/std@0.104.0/encoding/hex.ts": "5bc7df19af498c315cdaba69e2fce1b2aef5fc57344e8c21c08991aa8505a260",
    "https://deno.land/std@0.104.0/fmt/colors.ts": "d2f8355f00a74404668fc5a1e4a92983ce1a9b0a6ac1d40efbd681cb8f519586",
    "https://deno.land/std@0.104.0/fs/exists.ts": "b0d2e31654819cc2a8d37df45d6b14686c0cc1d802e9ff09e902a63e98b85a00",
    "https://deno.land/std@0.104.0/hash/_wasm/hash.ts": "313a4820227f1c45fa7204d9c28731b4f8ce97cdcc5f1e7e4efcdf2d70540d32",
    "https://deno.land/std@0.104.0/hash/_wasm/wasm.js": "792f612fbb9998e267f9ae3f82ed72444305cb9c77b5bbf7ff6517fd3b606ed1",
    "https://deno.land/std@0.104.0/hash/mod.ts": "dd339a26b094032f38d71311b85745e8d19f2085364794c1877057e057902dd9",
    "https://deno.land/std@0.104.0/io/buffer.ts": "3ead6bb11276ebcf093c403f74f67fd2205a515dbbb9061862c468ca56f37cd8",
    "https://deno.land/std@0.104.0/io/bufio.ts": "6024117aa37f8d21a116654bd5ca5191d803f6492bbc744e3cee5054d0e900d1",
    "https://deno.land/std@0.104.0/io/util.ts": "85c33d61b20fd706acc094fe80d4c8ae618b04abcf3a96ca2b47071842c1c8ac",
    "https://deno.land/std@0.104.0/log/handlers.ts": "8c7221a2408b4097e186b018f3f1a18865d20b98761aa1dccaf1ee3d57298355",
    "https://deno.land/std@0.104.0/log/levels.ts": "088a883039ece5fa0da5f74bc7688654045ea7cb01bf200b438191a28d728eae",
    "https://deno.land/std@0.104.0/log/logger.ts": "6b2dd8cbe6f407100b9becfe61595d7681f8ce3692412fad843de84d617a038e",
    "https://deno.land/std@0.104.0/log/mod.ts": "91711789b28803082b1bdfb123d2c9685a7e01767f2e79c0a82706063ad964d8",
    "https://deno.land/std@0.104.0/testing/_diff.ts": "5d3693155f561d1a5443ac751ac70aab9f5d67b4819a621d4b96b8a1a1c89620",
    "https://deno.land/std@0.104.0/testing/asserts.ts": "e4311d45d956459d4423bc267208fe154b5294989da2ed93257b6a85cae0427e",
    "https://deno.land/std@0.194.0/_util/asserts.ts": "178dfc49a464aee693a7e285567b3d0b555dc805ff490505a8aae34f9cfb1462",
    "https://deno.land/std@0.194.0/async/abortable.ts": "fd682fa46f3b7b16b4606a5ab52a7ce309434b76f820d3221bdfb862719a15d7",
    "https://deno.land/std@0.194.0/async/deadline.ts": "58f72a3cc0fcb731b2cc055ba046f4b5be3349ff6bf98f2e793c3b969354aab2",
    "https://deno.land/std@0.194.0/async/debounce.ts": "adab11d04ca38d699444ac8a9d9856b4155e8dda2afd07ce78276c01ea5a4332",
    "https://deno.land/std@0.194.0/async/deferred.ts": "42790112f36a75a57db4a96d33974a936deb7b04d25c6084a9fa8a49f135def8",
    "https://deno.land/std@0.194.0/async/delay.ts": "73aa04cec034c84fc748c7be49bb15cac3dd43a57174bfdb7a4aec22c248f0dd",
    "https://deno.land/std@0.194.0/async/mod.ts": "f04344fa21738e5ad6bea37a6bfffd57c617c2d372bb9f9dcfd118a1b622e576",
    "https://deno.land/std@0.194.0/async/mux_async_iterator.ts": "70c7f2ee4e9466161350473ad61cac0b9f115cff4c552eaa7ef9d50c4cbb4cc9",
    "https://deno.land/std@0.194.0/async/pool.ts": "f1b8d3df4d7fd3c73f8cbc91cc2e8b8e950910f1eab94230b443944d7584c657",
    "https://deno.land/std@0.194.0/async/retry.ts": "b1ccf653954a4e52b3d9731e57d18b864e689a7462e78fb20440b11be9905080",
    "https://deno.land/std@0.194.0/async/tee.ts": "47e42d35f622650b02234d43803d0383a89eb4387e1b83b5a40106d18ae36757",
    "https://deno.land/std@0.194.0/bytes/concat.ts": "d26d6f3d7922e6d663dacfcd357563b7bf4a380ce5b9c2bbe0c8586662f25ce2",
    "https://deno.land/std@0.194.0/bytes/copy.ts": "939d89e302a9761dcf1d9c937c7711174ed74c59eef40a1e4569a05c9de88219",
    "https://deno.land/std@0.194.0/collections/filter_values.ts": "5b9feaf17b9a6e5ffccdd36cf6f38fa4ffa94cff2602d381c2ad0c2a97929652",
    "https://deno.land/std@0.194.0/collections/without_all.ts": "a89f5da0b5830defed4f59666e188df411d8fece35a5f6ca69be6ca71a95c185",
    "https://deno.land/std@0.194.0/crypto/_fnv/fnv32.ts": "e4649dfdefc5c987ed53c3c25db62db771a06d9d1b9c36d2b5cf0853b8e82153",
    "https://deno.land/std@0.194.0/crypto/_fnv/fnv64.ts": "bfa0e4702061fdb490a14e6bf5f9168a22fb022b307c5723499469bfefca555e",
    "https://deno.land/std@0.194.0/crypto/_fnv/mod.ts": "f956a95f58910f223e420340b7404702ecd429603acd4491fa77af84f746040c",
    "https://deno.land/std@0.194.0/crypto/_fnv/util.ts": "accba12bfd80a352e32a872f87df2a195e75561f1b1304a4cb4f5a4648d288f9",
    "https://deno.land/std@0.194.0/crypto/_wasm/lib/deno_std_wasm_crypto.generated.mjs": "85b50eee2e511584698c04f1d84155e57452ea963106fee64987c326e9e5d25d",
    "https://deno.land/std@0.194.0/crypto/_wasm/mod.ts": "973058e70052c98292b567d1c8396dffc28d6dfc6a44f0763032f6fbdf5222f5",
    "https://deno.land/std@0.194.0/crypto/crypto.ts": "4cae012d2022bc1470f548354a2e1a998f751eaddab6ab83dfb995948ba0b89d",
    "https://deno.land/std@0.194.0/crypto/keystack.ts": "877ab0f19eb7d37ad6495190d3c3e39f58e9c52e0b6a966f82fd6df67ca55f90",
    "https://deno.land/std@0.194.0/crypto/mod.ts": "ae384519e85eca9aeff4e7111ed153df8f3dbda7b35b70850ed4b3e9c8cec4d5",
    "https://deno.land/std@0.194.0/crypto/timing_safe_equal.ts": "0fae34ee02264f309ae0b6e54e9746a7aba3996e5454903ed106967a7a9ef665",
    "https://deno.land/std@0.194.0/crypto/to_hash_string.ts": "6927c768f3e373a1be4a31555a45ccecf7bd413105455cc334ad3f908cfa986f",
    "https://deno.land/std@0.194.0/datetime/_common.ts": "f5c1cb784c616151a3d8198a4ab29f65b7fe5c20a105d8979bde9558c7b52910",
    "https://deno.land/std@0.194.0/datetime/format.ts": "2d7a430ca9571e054ac181dcb950faf9ac23445e081dcb230ca37134e6eaad0c",
    "https://deno.land/std@0.194.0/datetime/to_imf.ts": "8f9c0af8b167031ffe2e03da01a12a3b0672cc7562f89c61942a0ab0129771b2",
    "https://deno.land/std@0.194.0/dotenv/load.ts": "0636983549b98f29ab75c9a22a42d9723f0a389ece5498fe971e7bb2556a12e2",
    "https://deno.land/std@0.194.0/dotenv/mod.ts": "39e5d19e077e55d7e01ea600eb1c6d1e18a8dfdfc65d68826257a576788da3a4",
    "https://deno.land/std@0.194.0/encoding/base64.ts": "144ae6234c1fbe5b68666c711dc15b1e9ee2aef6d42b3b4345bf9a6c91d70d0d",
    "https://deno.land/std@0.194.0/encoding/base64url.ts": "2ed4ba122b20fedf226c5d337cf22ee2024fa73a8f85d915d442af7e9ce1fae1",
    "https://deno.land/std@0.194.0/encoding/hex.ts": "b4b1a7cb678745b0bf181ed8cf2498c7be00d121a7de244b752fbf9c7d9c48cd",
    "https://deno.land/std@0.194.0/fmt/colors.ts": "d67e3cd9f472535241a8e410d33423980bec45047e343577554d3356e1f0ef4e",
    "https://deno.land/std@0.194.0/fs/exists.ts": "29c26bca8584a22876be7cb8844f1b6c8fc35e9af514576b78f5c6884d7ed02d",
    "https://deno.land/std@0.194.0/http/_negotiation/common.ts": "14d1a52427ab258a4b7161cd80e1d8a207b7cc64b46e911780f57ead5f4323c6",
    "https://deno.land/std@0.194.0/http/_negotiation/encoding.ts": "ff747d107277c88cb7a6a62a08eeb8d56dad91564cbcccb30694d5dc126dcc53",
    "https://deno.land/std@0.194.0/http/_negotiation/language.ts": "7bcddd8db3330bdb7ce4fc00a213c5547c1968139864201efd67ef2d0d51887d",
    "https://deno.land/std@0.194.0/http/_negotiation/media_type.ts": "58847517cd549384ad677c0fe89e0a4815be36fe7a303ea63cee5f6a1d7e1692",
    "https://deno.land/std@0.194.0/http/cookie.ts": "934f92d871d50852dbd7a836d721df5a9527b14381db16001b40991d30174ee4",
    "https://deno.land/std@0.194.0/http/cookie_map.ts": "d148a5eaf35f19905dd5104126fa47ac71105306dd42f129732365e43108b28a",
    "https://deno.land/std@0.194.0/http/etag.ts": "6ad8abbbb1045aabf2307959a2c5565054a8bf01c9824ddee836b1ff22706a58",
    "https://deno.land/std@0.194.0/http/http_errors.ts": "bbda34819060af86537cecc9dc8e045f877130808b7e7acde4197c5328e852d0",
    "https://deno.land/std@0.194.0/http/http_status.ts": "8a7bcfe3ac025199ad804075385e57f63d055b2aed539d943ccc277616d6f932",
    "https://deno.land/std@0.194.0/http/method.ts": "e66c2a015cb46c21ab0bb3589aa4fca43143a506cb324ffdfd42d2edef7bc0c4",
    "https://deno.land/std@0.194.0/http/mod.ts": "525fb1b3b1e0d297facb08d8cf84c4908f8fadfc3f3f22809185510967279ef7",
    "https://deno.land/std@0.194.0/http/negotiation.ts": "46e74a6bad4b857333a58dc5b50fe8e5a4d5267e97292293ea65f980bd918086",
    "https://deno.land/std@0.194.0/http/server.ts": "1b23463b5b36e4eebc495417f6af47a6f7d52e3294827a1226d2a1aab23d9d20",
    "https://deno.land/std@0.194.0/http/server_sent_event.ts": "1f3597d175e8935123306a24d7f4423a463667a70953d17b4115af1880459d55",
    "https://deno.land/std@0.194.0/http/user_agent.ts": "6f4308670f261118cc6a1518bf37431a5b4f21322b4a4edf0963e182264ce404",
    "https://deno.land/std@0.194.0/io/buf_writer.ts": "48c33c8f00b61dcbc7958706741cec8e59810bd307bc6a326cbd474fe8346dfd",
    "https://deno.land/std@0.194.0/log/handlers.ts": "38871ecbfa67b0d39dc3384210439ac9a13cba6118b912236f9011b5989b9a4d",
    "https://deno.land/std@0.194.0/log/levels.ts": "6309147664e9e008cd6671610f2505c4c95f181f6bae4816a84b33e0aec66859",
    "https://deno.land/std@0.194.0/log/logger.ts": "257ceb47e3f5f872068073de9809b015a7400e8d86dd40563c1d80169e578f71",
    "https://deno.land/std@0.194.0/log/mod.ts": "36d156ad18de3f1806c6ddafa4965129be99ccafc27f1813de528d65b6c528bf",
    "https://deno.land/std@0.194.0/uuid/_common.ts": "cb1441f4df460571fc0919e1c5c217f3e7006189b703caf946604b3f791ae34d",
    "https://deno.land/std@0.194.0/uuid/constants.ts": "0d0e95561343da44adb4a4edbc1f04cef48b0d75288c4d1704f58743f4a50d88",
    "https://deno.land/std@0.194.0/uuid/v5.ts": "a6b4da1235c6e554eafe812bdc7617b5e8666a86368fa729f11f1eca81a3a4d3",
    "https://deno.land/std@0.77.0/fmt/colors.ts": "c5665c66f1a67228f21c5989bbb04b36d369b98dd7ceac06f5e26856c81c2531",
    "https://deno.land/x/bytes_formater@v1.4.0/deps.ts": "4f98f74e21145423b873a5ca6ead66dc3e674fa81e230a0a395f9b86aafeceea",
    "https://deno.land/x/bytes_formater@v1.4.0/format.ts": "657c41b9f180c3ed0f934dcf75f77b09b6a610be98bb07525bffe2acfd5af4d5",
    "https://deno.land/x/bytes_formater@v1.4.0/mod.ts": "c6bf35303f53d74e9134eb13f666fb388fb4c62c6b12b17542bbadade250a864",
    "https://deno.land/x/jose@v4.14.4/index.ts": "5e551713b783fa8658c4e09e8029ba31fc99cb3fc82e9434067708015c26eefb",
    "https://deno.land/x/jose@v4.14.4/jwe/compact/decrypt.ts": "3649ed7b978e77add955a9cbf0cf5c72e24f93ba7c4529d6566c0dd8b99373c4",
    "https://deno.land/x/jose@v4.14.4/jwe/compact/encrypt.ts": "1afcc6fa6b15cc0c6e0203b46d25628df484a360c82e973ecb5e393e7e5045e5",
    "https://deno.land/x/jose@v4.14.4/jwe/flattened/decrypt.ts": "50fb1da167c6912d86cac8db369995b14fae730e5aaf234ce7c0677759610d19",
    "https://deno.land/x/jose@v4.14.4/jwe/flattened/encrypt.ts": "4534e901d1cb74aa0033cb575af64b69d3a4612570ec3cbc19d958264d26ab40",
    "https://deno.land/x/jose@v4.14.4/jwe/general/decrypt.ts": "81df68fadf11486845ac24100fbdeab7331b5c4a5efc1469c8c6ce30139b44e5",
    "https://deno.land/x/jose@v4.14.4/jwe/general/encrypt.ts": "ad260501c583f013a393cce144060b278254c25fb5f48d37f31ccc5fdaf58e1c",
    "https://deno.land/x/jose@v4.14.4/jwk/embedded.ts": "26d27b429d4cb7d38790889bcf24c5c19fa18aa2c813d808d65e2d1f602461bb",
    "https://deno.land/x/jose@v4.14.4/jwk/thumbprint.ts": "054ed9e231f96f112cbf2765634633ddd4cd20365030d5d857e754774db80d70",
    "https://deno.land/x/jose@v4.14.4/jwks/local.ts": "af7b608e0bf6bd5a246817b9e0261d3f1cd5954cf7e35276c1b7deb00778a94b",
    "https://deno.land/x/jose@v4.14.4/jwks/remote.ts": "09a414cb2e96bc18919281944432df5e7a157c8af5455cd24d0d6fe3ac0f9b71",
    "https://deno.land/x/jose@v4.14.4/jws/compact/sign.ts": "1e88d19dc26d3ea5f2ce3da989813daf5c555d8dec6528051530f7b5a3e87bae",
    "https://deno.land/x/jose@v4.14.4/jws/compact/verify.ts": "eaf38d96a99120dc0646b4f242f46dc68282d8a6dacc804a356f60251e5f164d",
    "https://deno.land/x/jose@v4.14.4/jws/flattened/sign.ts": "be5db0e622a6c5b1e905338d33851e89e956350c9d774de50c70f30a6a156356",
    "https://deno.land/x/jose@v4.14.4/jws/flattened/verify.ts": "a33cceddfea487e08815baa81daa7577e933cf931bf4ee18ab676dec43477069",
    "https://deno.land/x/jose@v4.14.4/jws/general/sign.ts": "b40b40ce59f12dc58d30a553cb865821d8c2487513c144f608163e847d5a5375",
    "https://deno.land/x/jose@v4.14.4/jws/general/verify.ts": "358f828fe681147b2fdb37fd95fd158ab53d56094e6fc688d8e8cb1a18b4fcb6",
    "https://deno.land/x/jose@v4.14.4/jwt/decrypt.ts": "4df7341c74773f7ed98a8b906e72137701759bea3d1c0a0b9695b3424ead03b8",
    "https://deno.land/x/jose@v4.14.4/jwt/encrypt.ts": "cdba36a63f16263fc3f827a08beefbff738fea6b4bb588b9e213ff68696c7ba6",
    "https://deno.land/x/jose@v4.14.4/jwt/produce.ts": "dfe55ae98056a40be6fda924144c0656bb19c8bbf3fe35d842efe2d1545df3e4",
    "https://deno.land/x/jose@v4.14.4/jwt/sign.ts": "54d0a761056edeec428a956abd8db034a20536d87fc7b7a2d4fbf953e931aa37",
    "https://deno.land/x/jose@v4.14.4/jwt/unsecured.ts": "c829502b1bc3f6153ed550f081b9e79b6ed25e2196708b154a11e85d8036cc18",
    "https://deno.land/x/jose@v4.14.4/jwt/verify.ts": "73afafd96c7e7f008d062f4be86157f32b577d94dd40a91c6842d694c9986553",
    "https://deno.land/x/jose@v4.14.4/key/export.ts": "5addf06a10ce16bb24e630a8f0e5473eff2cbc1ac549ba29fd8ecf0610778edc",
    "https://deno.land/x/jose@v4.14.4/key/generate_key_pair.ts": "74fa98acae05f132c4e986e7a026223c4ba9729eee5a1fb94e1b8b621c3c3fc6",
    "https://deno.land/x/jose@v4.14.4/key/generate_secret.ts": "5883fb32f24d62639bc7b0c2e6cd2de2a86df74ed6c8e00126ffeb788ab66d1a",
    "https://deno.land/x/jose@v4.14.4/key/import.ts": "cdf200d1eea914677117835c36f5332924fb2e5cb6fd07594b6455b3ab0f7749",
    "https://deno.land/x/jose@v4.14.4/lib/aesgcmkw.ts": "9415c556597be41a4a2f7203fd32fb00d1f06b6b2cfef70d481acec39c7807d6",
    "https://deno.land/x/jose@v4.14.4/lib/buffer_utils.ts": "dad65c92c9baef14cd5366a4131252afa7a5b4f3a068d0244e2df8660ea2bd8e",
    "https://deno.land/x/jose@v4.14.4/lib/cek.ts": "a474becfe1c2d86fbcf3a24cdcd96274beb8d61bd17926e5f345001f39df922b",
    "https://deno.land/x/jose@v4.14.4/lib/check_iv_length.ts": "118eb531167126c8421d71a21f2cfdc10a658c933e178b33395ef3e962c54f80",
    "https://deno.land/x/jose@v4.14.4/lib/check_key_type.ts": "81f5a2c3764464d2b917a1c55c6011d312184e8c68e43bee51565c2db1b166c4",
    "https://deno.land/x/jose@v4.14.4/lib/check_p2s.ts": "2f5549e121c43019ac85a3bb3fe8cb98a397122dcaa80f3cd8bf5fcf314e1f67",
    "https://deno.land/x/jose@v4.14.4/lib/crypto_key.ts": "3da8e265080fb72be9f66a33c6aa76c7176b6162b4ae2534828822cf9c5b04e8",
    "https://deno.land/x/jose@v4.14.4/lib/decrypt_key_management.ts": "25553575fa7fb97576cd010ff7d22025b566c75f43406aba5fb0c5b9c56a2e51",
    "https://deno.land/x/jose@v4.14.4/lib/encrypt_key_management.ts": "ec08f264e7dde341171d6272e9db639ae3718cc7047b3117735ab960d9bd01d4",
    "https://deno.land/x/jose@v4.14.4/lib/epoch.ts": "cd608f73f6c100e8156c6020ec2bce6757e01759793f0d6aab23908d3d2ea933",
    "https://deno.land/x/jose@v4.14.4/lib/format_pem.ts": "b5230682e7a89609238015b77f33afd248f3e0f69bcb5895eece2f86d83100f6",
    "https://deno.land/x/jose@v4.14.4/lib/invalid_key_input.ts": "9ca81c899000c18cf1b70ab8221f39b306cc153663e748190307e284fd47ab6a",
    "https://deno.land/x/jose@v4.14.4/lib/is_disjoint.ts": "b5ea1cb260899f5cfb04f032029956e637067714a275d13be429fc53287a4b17",
    "https://deno.land/x/jose@v4.14.4/lib/is_object.ts": "43549ddc51a3b3d4c22b953b191a961fbb61fb5081e8efb88ad075afa1f4d214",
    "https://deno.land/x/jose@v4.14.4/lib/iv.ts": "4766d9ad87b478bb7344094f38c8561181b72f8678edd1b5226d1e0f9ab677fc",
    "https://deno.land/x/jose@v4.14.4/lib/jwt_claims_set.ts": "af0a315486eaef0b9c5f019d4bc74cd5cfdc7ea242a9ce696dcf8630c02a80e8",
    "https://deno.land/x/jose@v4.14.4/lib/secs.ts": "03a2f02fda0f76bf431734552a947c2916c699b904ae0d2f90a415931c30e66d",
    "https://deno.land/x/jose@v4.14.4/lib/validate_algorithms.ts": "6b20f4b5f6935cd9edcd6eb2128226144ba792eaa7c47966c666a51baf1682eb",
    "https://deno.land/x/jose@v4.14.4/lib/validate_crit.ts": "6d2b43959ddf432060505ef13af32cb1bf0daff815ef1eae4d7971629566a695",
    "https://deno.land/x/jose@v4.14.4/runtime/aeskw.ts": "a9bd412c6d07b2606520972671a545cdb205f79f0a2e9ec0fb145fb2147319e1",
    "https://deno.land/x/jose@v4.14.4/runtime/asn1.ts": "7fbd7affe92faac7e10c571f727ef819824ebd68058c6a1e0323ced7a26777ac",
    "https://deno.land/x/jose@v4.14.4/runtime/base64url.ts": "74ecb18b90de56bcc4424b6c911cfe49b56dd4a316978f5c8ee9a23560069636",
    "https://deno.land/x/jose@v4.14.4/runtime/bogus.ts": "4f1c967b0d9b4e7105e16ad8c173da55708f377ee5e201d8ee5fc613f3417f08",
    "https://deno.land/x/jose@v4.14.4/runtime/check_cek_length.ts": "2ee093fcb273602449ed7863ab6bd4dd2a7aeff99507e0573e3cd4b8d8099e5d",
    "https://deno.land/x/jose@v4.14.4/runtime/check_key_length.ts": "5656870cc4460602775134280bf46f17e27100b237bdb5c687aceabeffc8f2a2",
    "https://deno.land/x/jose@v4.14.4/runtime/decrypt.ts": "fc24eadefce13095a4012972a1552f148d9d12d8ed7d1f17ed7c87e00810335f",
    "https://deno.land/x/jose@v4.14.4/runtime/digest.ts": "cee73fad56ce596ffedc56811d174ab413e7981eb847eb67c0e77f213cc2ac2d",
    "https://deno.land/x/jose@v4.14.4/runtime/ecdhes.ts": "74a6f43dde87736179d814312b010087bea0c834f51adc9a93f79664f78cb75f",
    "https://deno.land/x/jose@v4.14.4/runtime/encrypt.ts": "50d400ab152e2d66bffccf7473545097dd69894bc05508530260c8bc0d811638",
    "https://deno.land/x/jose@v4.14.4/runtime/fetch_jwks.ts": "34b71aa6bbd51984d1009792499ea17133dcb11bf2f2d8fba60e8090d900fc20",
    "https://deno.land/x/jose@v4.14.4/runtime/generate.ts": "bc25cf20301cfd6feabb56847e3d5fbe2fc8c11c82e6ad942d27c21fa1f863f0",
    "https://deno.land/x/jose@v4.14.4/runtime/get_sign_verify_key.ts": "f08a086524491a54fb2a0e203819d4ca2b193444aecf6dfbaf6d400431cb439c",
    "https://deno.land/x/jose@v4.14.4/runtime/interfaces.d.ts": "19de45286493ae3cf3c8a920190aff2e58edf0b8cbac20591e970ec0e510a91f",
    "https://deno.land/x/jose@v4.14.4/runtime/is_key_like.ts": "d9660a40820d254843721a53b51eb94a4db39a1ee36103ea8c28e2cc2207599b",
    "https://deno.land/x/jose@v4.14.4/runtime/jwk_to_key.ts": "3779cb38ea2857b37f378a45d6b27651eb672f398ddae16cd1fb2aacaa451df5",
    "https://deno.land/x/jose@v4.14.4/runtime/key_to_jwk.ts": "2af6f52abbe59316fa96771da48538c8f718b6fdd8703d185f8a87ef44c0f064",
    "https://deno.land/x/jose@v4.14.4/runtime/pbes2kw.ts": "1c424aade1ef8c69f0b9db635ff04d873f7c1b2615c7fbef49ee053704912e9d",
    "https://deno.land/x/jose@v4.14.4/runtime/random.ts": "3e9c8d08208e5dc186ae659535f0018303ff3b56615335bf0dfb5904fe36aab7",
    "https://deno.land/x/jose@v4.14.4/runtime/rsaes.ts": "124b6e87d8569b39d6f550b371303c79e9eb28aa0d9b14025eeaffe50282c987",
    "https://deno.land/x/jose@v4.14.4/runtime/sign.ts": "1524f8855538ca5fd607cd681f804ba421b0ec58f562118f3c635324ba053f90",
    "https://deno.land/x/jose@v4.14.4/runtime/subtle_dsa.ts": "bab28945afd1aac19d3142a70f0c44c4b283b581d33cf8e1234889b58338e80d",
    "https://deno.land/x/jose@v4.14.4/runtime/subtle_rsaes.ts": "26147da83932ebf7266d69ddd408f269395de05ddde64ba4e1585571bb61bd93",
    "https://deno.land/x/jose@v4.14.4/runtime/timing_safe_equal.ts": "fc5b3f4132cec56630eac4677fef2b519707a9c6a257f8ae86515b0d86ff5f6b",
    "https://deno.land/x/jose@v4.14.4/runtime/verify.ts": "d391e2286b47485247b475016c66999f5146a1cf8331115385a9ba629251c15e",
    "https://deno.land/x/jose@v4.14.4/runtime/webcrypto.ts": "3365b7d62eaa7e6befe5e2f4f67aa7859805c41b87064433b6e70f94501aa36e",
    "https://deno.land/x/jose@v4.14.4/runtime/zlib.ts": "74a4c85d1a6e523282ae927412d58e6789a8d7264b4e966a7df800a97f28a1e1",
    "https://deno.land/x/jose@v4.14.4/types.d.ts": "55472cf3a27b7282dc258a1c24ea32f7433d34597c9f3804bebabf49e6647728",
    "https://deno.land/x/jose@v4.14.4/util/base64url.ts": "d2567042684de8bf1e4f1ad67be40ab343ee192ddf1cf12ff1d940d6c1fa2bcb",
    "https://deno.land/x/jose@v4.14.4/util/decode_jwt.ts": "704e28d29feeadfa331259caae66951b5d4c62b0c6ee23c62f70b47db978cd1a",
    "https://deno.land/x/jose@v4.14.4/util/decode_protected_header.ts": "546eac15dd97d267373cb3d8d9a94ad03481f1328c4457560ffde9a5a595ebe8",
    "https://deno.land/x/jose@v4.14.4/util/errors.ts": "107a41f79bd8a226c836080f617809cd148e00112fdadc0e15c3a6079da02f5d",
    "https://deno.land/x/mysql@v2.12.1/deps.ts": "68635959a41bb08bc87db007679fb8449febc55d48202dff20b93cc23ef5820d",
    "https://deno.land/x/mysql@v2.12.1/mod.ts": "3246c9c259434563be69cc95d5b792f8aac7ef5d10b8a6c6589aa54ebf1bd266",
    "https://deno.land/x/mysql@v2.12.1/src/auth.ts": "129ea08b180d3e90e567c3f71e60432bb266304c224e17ea39d604bbcc1160d8",
    "https://deno.land/x/mysql@v2.12.1/src/auth_plugin/caching_sha2_password.ts": "aab89e272382e6f408406f860ae6e79628275f4511e27a565049033543c4bdec",
    "https://deno.land/x/mysql@v2.12.1/src/auth_plugin/crypt.ts": "8798819cce1171d95cfee8edda15fe6a652068cad4dc91f81b6e91cf90a13617",
    "https://deno.land/x/mysql@v2.12.1/src/auth_plugin/index.ts": "8617e520ad854e38470aeefd07becdb3397c4cde16c2397dd48d5c10fdd5ab09",
    "https://deno.land/x/mysql@v2.12.1/src/buffer.ts": "59f7e08e196f1b7e58cf5c3cf8ae8f4d0d47d1ae31430076fc468d974d3b59e7",
    "https://deno.land/x/mysql@v2.12.1/src/client.ts": "30912964986667a2ce108c14f7153dd38e8089e55f8068e8d07697f75f2ac22f",
    "https://deno.land/x/mysql@v2.12.1/src/connection.ts": "1d104c05441f8c94ee73123497fbbae28499f3badb0d9fef8cc82540688ada6e",
    "https://deno.land/x/mysql@v2.12.1/src/constant/capabilities.ts": "2324c0e46ac43f59b7b03bdd878d7a14ecc5202b9e133c7e8769345a8290f2a1",
    "https://deno.land/x/mysql@v2.12.1/src/constant/charset.ts": "253d7233679c774df623d1f974ebb358f3678c18fd6a623e25983311d97d959b",
    "https://deno.land/x/mysql@v2.12.1/src/constant/errors.ts": "923bab27d524e43199fa21fdfcbe025580ca76d8b32254ad9505765c502f238a",
    "https://deno.land/x/mysql@v2.12.1/src/constant/mysql_types.ts": "79c50de8eb5919b897e81e2ff2366ee1ffdbb4297f711e15003bdb787bbc8e6c",
    "https://deno.land/x/mysql@v2.12.1/src/constant/packet.ts": "a1e7e00ce30c551c5f95c05d233b8d83f8e1fc865de97be3b317058e173630a9",
    "https://deno.land/x/mysql@v2.12.1/src/deferred.ts": "35d087619d919961e849e382c33b2bfea15b4119f55eca2d9c9047f30512a2cb",
    "https://deno.land/x/mysql@v2.12.1/src/logger.ts": "eb5feb3efdb9fd4887f6eccd5c06b5702591ac032af9857a12bbae86ceefe21b",
    "https://deno.land/x/mysql@v2.12.1/src/packets/builders/auth.ts": "0b53dd5fa0269427aa54c3f6909bd830ffb426009061df89df262c504d6c9b70",
    "https://deno.land/x/mysql@v2.12.1/src/packets/builders/client_capabilities.ts": "1000f2c1a20e0e119b9a416eb4ea4553cc1c5655d289a66e9077bf7a5993d52d",
    "https://deno.land/x/mysql@v2.12.1/src/packets/builders/query.ts": "caf426a72ebe545ff5bab14c8b7b5e412dd8827c091322959cdf4e9aa89ef900",
    "https://deno.land/x/mysql@v2.12.1/src/packets/builders/tls.ts": "2abb4a2fa74c47914372b221cb6f178f6015df54421daf0e10e54d80d7156498",
    "https://deno.land/x/mysql@v2.12.1/src/packets/packet.ts": "d7800cc142226f7dfd3c5f647f03cd3ef308f9d8551b4edb2e1bfb9c758d33b6",
    "https://deno.land/x/mysql@v2.12.1/src/packets/parsers/authswitch.ts": "aa34f21336c4907b3ae968108fcdad8f1c43a303088efd83d972e6c7b258c166",
    "https://deno.land/x/mysql@v2.12.1/src/packets/parsers/err.ts": "4110c4ddc2ae8358d6661fa2522f8eda2e603900d1e433e3684765ed50e88ed8",
    "https://deno.land/x/mysql@v2.12.1/src/packets/parsers/handshake.ts": "88f7ee34e9e0ef089bc5fdefacaccf256ef002b2f7a8ad684e35327682039e73",
    "https://deno.land/x/mysql@v2.12.1/src/packets/parsers/result.ts": "8ab16f1adae67415eefcc17803b0eb828c1f4c6a24c55f25949f418e862d3ec8",
    "https://deno.land/x/mysql@v2.12.1/src/pool.ts": "978ba2813b3886d68be007678360ad43c54dab14b1aea1c07fcdb41222fcc432",
    "https://deno.land/x/mysql@v2.12.1/src/util.ts": "83d38e87cc3901da00ac44bfcd53c0e8d24525262f5c7647c912dccf3ed2dbb5",
    "https://deno.land/x/sql_builder@v1.9.1/util.ts": "b9855dc435972704cf82655019f4ec168ac83550ab4db596c5f6b6d201466384",
    "https://esm.sh/@planetscale/database@1.7.0": "2bfe0a45b29798c075dbc3938548076ba0b98fd9c702eceae5ecf19736dddbbe",
    "https://esm.sh/v126/@planetscale/database@1.7.0/denonext/database.mjs": "569c46505751fa7f5317335c66a160aa11f437a209569f0e36ad92ee88f13b4e",
    "https://esm.sh/v126/@planetscale/database@1.7.0/dist/index.d.ts": "c76e4cdb21b6b682da87ae9ba84973c19b3a50206302c33b7cf68035f4d5b12a",
    "https://esm.sh/v126/@planetscale/database@1.7.0/dist/sanitization.d.ts": "c28d964a0a95ec510811386cd4e7faa417526432cad7dfa9d23bc3e0e12a11fc",
    "https://esm.sh/v126/@planetscale/database@1.7.0/dist/text.d.ts": "ba2c767e86eca7698a3212f2ac3d628e75b57c409c1dd1134bb981d0a76e6234"
  }
}
